
Microsoft Visual Studio Solution File, Format Version 10.00
# Visual Studio 2008
Project("{FAE04EC0-301F-11D3-BF4B-00C04F79EFBC}") = "Pocket Control Center", "Pocket Control Center\Pocket Control Center.csproj", "{0FF69DA1-59A7-4E0D-870E-213788780ABF}"
EndProject
Global
	GlobalSection(SolutionConfigurationPlatforms) = preSolution
		Debug|Any CPU = Debug|Any CPU
		Release|Any CPU = Release|Any CPU
	EndGlobalSection
	GlobalSection(ProjectConfigurationPlatforms) = postSolution
		{0FF69DA1-59A7-4E0D-870E-213788780ABF}.Debug|Any CPU.ActiveCfg = Debug|Any CPU
		{0FF69DA1-59A7-4E0D-870E-213788780ABF}.Debug|Any CPU.Build.0 = Debug|Any CPU
		{0FF69DA1-59A7-4E0D-870E-213788780ABF}.Debug|Any CPU.Deploy.0 = Debug|Any CPU
		{0FF69DA1-59A7-4E0D-870E-213788780ABF}.Release|Any CPU.ActiveCfg = Release|Any CPU
		{0FF69DA1-59A7-4E0D-870E-213788780ABF}.Release|Any CPU.Build.0 = Release|Any CPU
		{0FF69DA1-59A7-4E0D-870E-213788780ABF}.Release|Any CPU.Deploy.0 = Release|Any CPU
	EndGlobalSection
	GlobalSection(SolutionProperties) = preSolution
		HideSolutionNode = FALSE
	EndGlobalSection
EndGlobal
